
Microsoft Visual Studio Solution File, Format Version 12.00
# Visual Studio Version 17
VisualStudioVersion = 17.11.35327.3
MinimumVisualStudioVersion = 10.0.40219.1
Project("{FAE04EC0-301F-11D3-BF4B-00C04F79EFBC}") = "SafetyRequestApplication", "SafetyRequestApplication\SafetyRequestApplication.csproj", "{0920559C-1F83-404D-A040-802FE40DFBDB}"
EndProject
Global
	GlobalSection(SolutionConfigurationPlatforms) = preSolution
		Debug|Any CPU = Debug|Any CPU
		Release|Any CPU = Release|Any CPU
	EndGlobalSection
	GlobalSection(ProjectConfigurationPlatforms) = postSolution
		{0920559C-1F83-404D-A040-802FE40DFBDB}.Debug|Any CPU.ActiveCfg = Debug|Any CPU
		{0920559C-1F83-404D-A040-802FE40DFBDB}.Debug|Any CPU.Build.0 = Debug|Any CPU
		{0920559C-1F83-404D-A040-802FE40DFBDB}.Release|Any CPU.ActiveCfg = Release|Any CPU
		{0920559C-1F83-404D-A040-802FE40DFBDB}.Release|Any CPU.Build.0 = Release|Any CPU
	EndGlobalSection
	GlobalSection(SolutionProperties) = preSolution
		HideSolutionNode = FALSE
	EndGlobalSection
	GlobalSection(ExtensibilityGlobals) = postSolution
		SolutionGuid = {055B95CD-CAFA-4128-A52A-D2F48C868896}
	EndGlobalSection
EndGlobal
